// !$*UTF8*$!
{
	archiveVersion = 1;
	classes = {
	};
	objectVersion = 46;
	objects = {

/* Begin PBXBuildFile section */
		8D11072D0486CEB800E47090 /* main.m in Sources */ = {isa = PBXBuildFile; fileRef = 29B97316FDCFA39411CA2CEA /* main.m */; settings = {ATTRIBUTES = (); }; };
		8D11072F0486CEB800E47090 /* Cocoa.framework in Frameworks */ = {isa = PBXBuildFile; fileRef = 1058C7A1FEA54F0111CA2CBB /* Cocoa.framework */; };
		CE249D8F13E731EF0018C7F6 /* PMPageRepr.m in Sources */ = {isa = PBXBuildFile; fileRef = CE249D8E13E731EF0018C7F6 /* PMPageRepr.m */; };
		CE3B475513EAF09B00D95FB6 /* PagePane.xib in Resources */ = {isa = PBXBuildFile; fileRef = CE3B475313EAF09B00D95FB6 /* PagePane.xib */; };
		CE3B475A13EAF0C900D95FB6 /* PMPageController.m in Sources */ = {isa = PBXBuildFile; fileRef = CE3B475813EAF0C900D95FB6 /* PMPageController.m */; };
		CE3B475E13EB14BC00D95FB6 /* HSGeometry.m in Sources */ = {isa = PBXBuildFile; fileRef = CE3B475D13EB14BC00D95FB6 /* HSGeometry.m */; };
		CE68745B13C87B2500992AE4 /* ProgressController.m in Sources */ = {isa = PBXBuildFile; fileRef = CE68745A13C87B2500992AE4 /* ProgressController.m */; };
		CE68745D13C87B3600992AE4 /* progress.xib in Resources */ = {isa = PBXBuildFile; fileRef = CE68745C13C87B3600992AE4 /* progress.xib */; };
		CE8A6492156BC021008E8DD3 /* pyplugin.py in Resources */ = {isa = PBXBuildFile; fileRef = CE8A6491156BC021008E8DD3 /* pyplugin.py */; };
		CE8A649A156BC97A008E8DD3 /* PyTextField.m in Sources */ = {isa = PBXBuildFile; fileRef = CE8A6499156BC97A008E8DD3 /* PyTextField.m */; };
		CE8A649D156BCA23008E8DD3 /* HSTextField.m in Sources */ = {isa = PBXBuildFile; fileRef = CE8A649C156BCA23008E8DD3 /* HSTextField.m */; };
		CE8A64A0156BD261008E8DD3 /* HSPyUtil.m in Sources */ = {isa = PBXBuildFile; fileRef = CE8A649F156BD261008E8DD3 /* HSPyUtil.m */; };
		CE8C6D7C13C4924700D869ED /* Sparkle.framework in Frameworks */ = {isa = PBXBuildFile; fileRef = CE8C6D7B13C4924700D869ED /* Sparkle.framework */; };
		CE8C6D8913C4928600D869ED /* Sparkle.framework in CopyFiles */ = {isa = PBXBuildFile; fileRef = CE8C6D7B13C4924700D869ED /* Sparkle.framework */; };
		CE8C6D8C13C4938400D869ED /* dsa_pub.pem in Resources */ = {isa = PBXBuildFile; fileRef = CE8C6D8B13C4938400D869ED /* dsa_pub.pem */; };
		CEA0155E13AF816900C6D985 /* main_icon.icns in Resources */ = {isa = PBXBuildFile; fileRef = CEA0155D13AF816900C6D985 /* main_icon.icns */; };
		CEA1FE5D156ACE7A001F96D5 /* ObjP.m in Sources */ = {isa = PBXBuildFile; fileRef = CEA1FE46156ACE7A001F96D5 /* ObjP.m */; };
		CEA1FE5E156ACE7A001F96D5 /* PyBuildPane.m in Sources */ = {isa = PBXBuildFile; fileRef = CEA1FE48156ACE7A001F96D5 /* PyBuildPane.m */; };
		CEA1FE5F156ACE7A001F96D5 /* PyColumns.m in Sources */ = {isa = PBXBuildFile; fileRef = CEA1FE4A156ACE7A001F96D5 /* PyColumns.m */; };
		CEA1FE60156ACE7A001F96D5 /* PyEditPane.m in Sources */ = {isa = PBXBuildFile; fileRef = CEA1FE4C156ACE7A001F96D5 /* PyEditPane.m */; };
		CEA1FE61156ACE7A001F96D5 /* PyElementTable.m in Sources */ = {isa = PBXBuildFile; fileRef = CEA1FE4E156ACE7A001F96D5 /* PyElementTable.m */; };
		CEA1FE62156ACE7A001F96D5 /* PyFairware.m in Sources */ = {isa = PBXBuildFile; fileRef = CEA1FE50156ACE7A001F96D5 /* PyFairware.m */; };
		CEA1FE63156ACE7A001F96D5 /* PyGUIObject.m in Sources */ = {isa = PBXBuildFile; fileRef = CEA1FE52156ACE7A001F96D5 /* PyGUIObject.m */; };
		CEA1FE65156ACE7A001F96D5 /* PyPageController.m in Sources */ = {isa = PBXBuildFile; fileRef = CEA1FE56156ACE7A001F96D5 /* PyPageController.m */; };
		CEA1FE66156ACE7A001F96D5 /* PyPageRepr.m in Sources */ = {isa = PBXBuildFile; fileRef = CEA1FE58156ACE7A001F96D5 /* PyPageRepr.m */; };
		CEA1FE67156ACE7A001F96D5 /* PyPdfMasher.m in Sources */ = {isa = PBXBuildFile; fileRef = CEA1FE5A156ACE7A001F96D5 /* PyPdfMasher.m */; };
		CEA1FE68156ACE7A001F96D5 /* PyTable.m in Sources */ = {isa = PBXBuildFile; fileRef = CEA1FE5C156ACE7A001F96D5 /* PyTable.m */; };
		CEA1FE71156ACED5001F96D5 /* py in Resources */ = {isa = PBXBuildFile; fileRef = CEA1FE70156ACED5001F96D5 /* py */; };
		CEA1FE73156ACF03001F96D5 /* Python in Frameworks */ = {isa = PBXBuildFile; fileRef = CEA1FE72156ACF03001F96D5 /* Python */; };
		CEA1FE74156ACF27001F96D5 /* Python in CopyFiles */ = {isa = PBXBuildFile; fileRef = CEA1FE72156ACF03001F96D5 /* Python */; };
		CEBA080613AE70C1007DD3E0 /* EditPane.xib in Resources */ = {isa = PBXBuildFile; fileRef = CEBA080413AE70C1007DD3E0 /* EditPane.xib */; };
		CEBA080A13AE70FF007DD3E0 /* BuildPane.xib in Resources */ = {isa = PBXBuildFile; fileRef = CEBA080813AE70FF007DD3E0 /* BuildPane.xib */; };
		CEBA081613AE71BB007DD3E0 /* HSGUIController.m in Sources */ = {isa = PBXBuildFile; fileRef = CEBA080F13AE71BB007DD3E0 /* HSGUIController.m */; };
		CEBA081813AE71BB007DD3E0 /* HSTable.m in Sources */ = {isa = PBXBuildFile; fileRef = CEBA081313AE71BB007DD3E0 /* HSTable.m */; };
		CEBA082313AE745B007DD3E0 /* PMEditPane.m in Sources */ = {isa = PBXBuildFile; fileRef = CEBA082213AE745B007DD3E0 /* PMEditPane.m */; };
		CEBA086713AE808B007DD3E0 /* PMBuildPane.m in Sources */ = {isa = PBXBuildFile; fileRef = CEBA086613AE808B007DD3E0 /* PMBuildPane.m */; };
		CEBA08CC13AE87C1007DD3E0 /* HSColumns.m in Sources */ = {isa = PBXBuildFile; fileRef = CEBA08CB13AE87C1007DD3E0 /* HSColumns.m */; };
		CEBA08D213AE8A37007DD3E0 /* PMElementTable.m in Sources */ = {isa = PBXBuildFile; fileRef = CEBA08D113AE8A37007DD3E0 /* PMElementTable.m */; };
		CEBA096513AEAB11007DD3E0 /* HSTableView.m in Sources */ = {isa = PBXBuildFile; fileRef = CEBA095F13AEAB11007DD3E0 /* HSTableView.m */; };
		CEBA096E13AEAB48007DD3E0 /* NSEventAdditions.m in Sources */ = {isa = PBXBuildFile; fileRef = CEBA096D13AEAB48007DD3E0 /* NSEventAdditions.m */; };
		CEC7F38213AE556600BA9A74 /* PMMainWindow.m in Sources */ = {isa = PBXBuildFile; fileRef = CEC7F38113AE556600BA9A74 /* PMMainWindow.m */; };
		CEC7F38613AE558700BA9A74 /* MainMenu.xib in Resources */ = {isa = PBXBuildFile; fileRef = CEC7F38413AE558700BA9A74 /* MainMenu.xib */; };
		CEC7F3A613AE55CC00BA9A74 /* Utils.m in Sources */ = {isa = PBXBuildFile; fileRef = CEC7F3A513AE55CC00BA9A74 /* Utils.m */; };
		CECBE28B13DF044E007F9E9D /* PMElementTableView.m in Sources */ = {isa = PBXBuildFile; fileRef = CECBE28A13DF044E007F9E9D /* PMElementTableView.m */; };
		CEFFF29813B0B8FF00BEA8D5 /* HSAboutBox.m in Sources */ = {isa = PBXBuildFile; fileRef = CEFFF29713B0B8FF00BEA8D5 /* HSAboutBox.m */; };
		CEFFF2A713B0B96200BEA8D5 /* about.xib in Resources */ = {isa = PBXBuildFile; fileRef = CEFFF29C13B0B96200BEA8D5 /* about.xib */; };
		CEFFF2A913B0B96200BEA8D5 /* ErrorReportWindow.xib in Resources */ = {isa = PBXBuildFile; fileRef = CEFFF2A013B0B96200BEA8D5 /* ErrorReportWindow.xib */; };
		CEFFF2AB13B0B96200BEA8D5 /* FairwareReminder.xib in Resources */ = {isa = PBXBuildFile; fileRef = CEFFF2A413B0B96200BEA8D5 /* FairwareReminder.xib */; };
		CEFFF2C013B0BA9B00BEA8D5 /* HSFairwareReminder.m in Sources */ = {isa = PBXBuildFile; fileRef = CEFFF2BF13B0BA9B00BEA8D5 /* HSFairwareReminder.m */; };
		CEFFF2C613B0BAB200BEA8D5 /* Dialogs.m in Sources */ = {isa = PBXBuildFile; fileRef = CEFFF2C513B0BAB200BEA8D5 /* Dialogs.m */; };
		CEFFF2E613B0BFA500BEA8D5 /* PMAppDelegate.m in Sources */ = {isa = PBXBuildFile; fileRef = CEFFF2E513B0BFA500BEA8D5 /* PMAppDelegate.m */; };
		CEFFF33D13B0C23700BEA8D5 /* help in Resources */ = {isa = PBXBuildFile; fileRef = CEFFF31313B0C23700BEA8D5 /* help */; };
/* End PBXBuildFile section */

/* Begin PBXCopyFilesBuildPhase section */
		CE8C6D8813C4926E00D869ED /* CopyFiles */ = {
			isa = PBXCopyFilesBuildPhase;
			buildActionMask = 2147483647;
			dstPath = "";
			dstSubfolderSpec = 10;
			files = (
				CE8C6D8913C4928600D869ED /* Sparkle.framework in CopyFiles */,
				CEA1FE74156ACF27001F96D5 /* Python in CopyFiles */,
			);
			runOnlyForDeploymentPostprocessing = 0;
		};
/* End PBXCopyFilesBuildPhase section */

/* Begin PBXFileReference section */
		1058C7A1FEA54F0111CA2CBB /* Cocoa.framework */ = {isa = PBXFileReference; lastKnownFileType = wrapper.framework; name = Cocoa.framework; path = /System/Library/Frameworks/Cocoa.framework; sourceTree = "<absolute>"; };
		13E42FB307B3F0F600E4EEF1 /* CoreData.framework */ = {isa = PBXFileReference; lastKnownFileType = wrapper.framework; name = CoreData.framework; path = /System/Library/Frameworks/CoreData.framework; sourceTree = "<absolute>"; };
		29B97316FDCFA39411CA2CEA /* main.m */ = {isa = PBXFileReference; fileEncoding = 4; lastKnownFileType = sourcecode.c.objc; path = main.m; sourceTree = "<group>"; };
		29B97324FDCFA39411CA2CEA /* AppKit.framework */ = {isa = PBXFileReference; lastKnownFileType = wrapper.framework; name = AppKit.framework; path = /System/Library/Frameworks/AppKit.framework; sourceTree = "<absolute>"; };
		29B97325FDCFA39411CA2CEA /* Foundation.framework */ = {isa = PBXFileReference; lastKnownFileType = wrapper.framework; name = Foundation.framework; path = /System/Library/Frameworks/Foundation.framework; sourceTree = "<absolute>"; };
		8D1107310486CEB800E47090 /* Info.plist */ = {isa = PBXFileReference; fileEncoding = 4; lastKnownFileType = text.plist.xml; path = Info.plist; sourceTree = "<group>"; };
		8D1107320486CEB800E47090 /* PdfMasher.app */ = {isa = PBXFileReference; explicitFileType = wrapper.application; includeInIndex = 0; path = PdfMasher.app; sourceTree = BUILT_PRODUCTS_DIR; };
		CE249D8D13E731EF0018C7F6 /* PMPageRepr.h */ = {isa = PBXFileReference; fileEncoding = 4; lastKnownFileType = sourcecode.c.h; name = PMPageRepr.h; path = views/PMPageRepr.h; sourceTree = "<group>"; };
		CE249D8E13E731EF0018C7F6 /* PMPageRepr.m */ = {isa = PBXFileReference; fileEncoding = 4; lastKnownFileType = sourcecode.c.objc; name = PMPageRepr.m; path = views/PMPageRepr.m; sourceTree = "<group>"; };
		CE3B475413EAF09B00D95FB6 /* en */ = {isa = PBXFileReference; lastKnownFileType = file.xib; name = en; path = en.lproj/PagePane.xib; sourceTree = "<group>"; };
		CE3B475713EAF0C900D95FB6 /* PMPageController.h */ = {isa = PBXFileReference; fileEncoding = 4; lastKnownFileType = sourcecode.c.h; name = PMPageController.h; path = controllers/PMPageController.h; sourceTree = "<group>"; };
		CE3B475813EAF0C900D95FB6 /* PMPageController.m */ = {isa = PBXFileReference; fileEncoding = 4; lastKnownFileType = sourcecode.c.objc; name = PMPageController.m; path = controllers/PMPageController.m; sourceTree = "<group>"; };
		CE3B475913EAF0C900D95FB6 /* PMConst.h */ = {isa = PBXFileReference; fileEncoding = 4; lastKnownFileType = sourcecode.c.h; name = PMConst.h; path = controllers/PMConst.h; sourceTree = "<group>"; };
		CE3B475C13EB14BC00D95FB6 /* HSGeometry.h */ = {isa = PBXFileReference; fileEncoding = 4; lastKnownFileType = sourcecode.c.h; name = HSGeometry.h; path = ../cocoalib/HSGeometry.h; sourceTree = "<group>"; };
		CE3B475D13EB14BC00D95FB6 /* HSGeometry.m */ = {isa = PBXFileReference; fileEncoding = 4; lastKnownFileType = sourcecode.c.objc; name = HSGeometry.m; path = ../cocoalib/HSGeometry.m; sourceTree = "<group>"; };
		CE68745913C87B2500992AE4 /* ProgressController.h */ = {isa = PBXFileReference; fileEncoding = 4; lastKnownFileType = sourcecode.c.h; name = ProgressController.h; path = ../cocoalib/ProgressController.h; sourceTree = SOURCE_ROOT; };
		CE68745A13C87B2500992AE4 /* ProgressController.m */ = {isa = PBXFileReference; fileEncoding = 4; lastKnownFileType = sourcecode.c.objc; name = ProgressController.m; path = ../cocoalib/ProgressController.m; sourceTree = SOURCE_ROOT; };
		CE68745C13C87B3600992AE4 /* progress.xib */ = {isa = PBXFileReference; lastKnownFileType = file.xib; name = progress.xib; path = ../cocoalib/xib/progress.xib; sourceTree = SOURCE_ROOT; };
		CE8A6491156BC021008E8DD3 /* pyplugin.py */ = {isa = PBXFileReference; fileEncoding = 4; lastKnownFileType = text.script.python; name = pyplugin.py; path = ../build/pyplugin.py; sourceTree = "<group>"; };
		CE8A6498156BC97A008E8DD3 /* PyTextField.h */ = {isa = PBXFileReference; fileEncoding = 4; lastKnownFileType = sourcecode.c.h; path = PyTextField.h; sourceTree = "<group>"; };
		CE8A6499156BC97A008E8DD3 /* PyTextField.m */ = {isa = PBXFileReference; fileEncoding = 4; lastKnownFileType = sourcecode.c.objc; path = PyTextField.m; sourceTree = "<group>"; };
		CE8A649B156BCA23008E8DD3 /* HSTextField.h */ = {isa = PBXFileReference; fileEncoding = 4; lastKnownFileType = sourcecode.c.h; path = HSTextField.h; sourceTree = "<group>"; };
		CE8A649C156BCA23008E8DD3 /* HSTextField.m */ = {isa = PBXFileReference; fileEncoding = 4; lastKnownFileType = sourcecode.c.objc; path = HSTextField.m; sourceTree = "<group>"; };
		CE8A649E156BD261008E8DD3 /* HSPyUtil.h */ = {isa = PBXFileReference; fileEncoding = 4; lastKnownFileType = sourcecode.c.h; name = HSPyUtil.h; path = ../cocoalib/HSPyUtil.h; sourceTree = "<group>"; };
		CE8A649F156BD261008E8DD3 /* HSPyUtil.m */ = {isa = PBXFileReference; fileEncoding = 4; lastKnownFileType = sourcecode.c.objc; name = HSPyUtil.m; path = ../cocoalib/HSPyUtil.m; sourceTree = "<group>"; };
		CE8A64A1156BD3FA008E8DD3 /* HSFairwareProtocol.h */ = {isa = PBXFileReference; fileEncoding = 4; lastKnownFileType = sourcecode.c.h; name = HSFairwareProtocol.h; path = ../cocoalib/HSFairwareProtocol.h; sourceTree = "<group>"; };
		CE8C6D7B13C4924700D869ED /* Sparkle.framework */ = {isa = PBXFileReference; lastKnownFileType = wrapper.framework; name = Sparkle.framework; path = /Library/Frameworks/Sparkle.framework; sourceTree = "<absolute>"; };
		CE8C6D8B13C4938400D869ED /* dsa_pub.pem */ = {isa = PBXFileReference; fileEncoding = 4; lastKnownFileType = text; path = dsa_pub.pem; sourceTree = SOURCE_ROOT; };
		CEA0155D13AF816900C6D985 /* main_icon.icns */ = {isa = PBXFileReference; lastKnownFileType = image.icns; name = main_icon.icns; path = ../images/main_icon.icns; sourceTree = SOURCE_ROOT; };
		CEA1FE45156ACE7A001F96D5 /* ObjP.h */ = {isa = PBXFileReference; fileEncoding = 4; lastKnownFileType = sourcecode.c.h; path = ObjP.h; sourceTree = "<group>"; };
		CEA1FE46156ACE7A001F96D5 /* ObjP.m */ = {isa = PBXFileReference; fileEncoding = 4; lastKnownFileType = sourcecode.c.objc; path = ObjP.m; sourceTree = "<group>"; };
		CEA1FE47156ACE7A001F96D5 /* PyBuildPane.h */ = {isa = PBXFileReference; fileEncoding = 4; lastKnownFileType = sourcecode.c.h; path = PyBuildPane.h; sourceTree = "<group>"; };
		CEA1FE48156ACE7A001F96D5 /* PyBuildPane.m */ = {isa = PBXFileReference; fileEncoding = 4; lastKnownFileType = sourcecode.c.objc; path = PyBuildPane.m; sourceTree = "<group>"; };
		CEA1FE49156ACE7A001F96D5 /* PyColumns.h */ = {isa = PBXFileReference; fileEncoding = 4; lastKnownFileType = sourcecode.c.h; path = PyColumns.h; sourceTree = "<group>"; };
		CEA1FE4A156ACE7A001F96D5 /* PyColumns.m */ = {isa = PBXFileReference; fileEncoding = 4; lastKnownFileType = sourcecode.c.objc; path = PyColumns.m; sourceTree = "<group>"; };
		CEA1FE4B156ACE7A001F96D5 /* PyEditPane.h */ = {isa = PBXFileReference; fileEncoding = 4; lastKnownFileType = sourcecode.c.h; path = PyEditPane.h; sourceTree = "<group>"; };
		CEA1FE4C156ACE7A001F96D5 /* PyEditPane.m */ = {isa = PBXFileReference; fileEncoding = 4; lastKnownFileType = sourcecode.c.objc; path = PyEditPane.m; sourceTree = "<group>"; };
		CEA1FE4D156ACE7A001F96D5 /* PyElementTable.h */ = {isa = PBXFileReference; fileEncoding = 4; lastKnownFileType = sourcecode.c.h; path = PyElementTable.h; sourceTree = "<group>"; };
		CEA1FE4E156ACE7A001F96D5 /* PyElementTable.m */ = {isa = PBXFileReference; fileEncoding = 4; lastKnownFileType = sourcecode.c.objc; path = PyElementTable.m; sourceTree = "<group>"; };
		CEA1FE4F156ACE7A001F96D5 /* PyFairware.h */ = {isa = PBXFileReference; fileEncoding = 4; lastKnownFileType = sourcecode.c.h; path = PyFairware.h; sourceTree = "<group>"; };
		CEA1FE50156ACE7A001F96D5 /* PyFairware.m */ = {isa = PBXFileReference; fileEncoding = 4; lastKnownFileType = sourcecode.c.objc; path = PyFairware.m; sourceTree = "<group>"; };
		CEA1FE51156ACE7A001F96D5 /* PyGUIObject.h */ = {isa = PBXFileReference; fileEncoding = 4; lastKnownFileType = sourcecode.c.h; path = PyGUIObject.h; sourceTree = "<group>"; };
		CEA1FE52156ACE7A001F96D5 /* PyGUIObject.m */ = {isa = PBXFileReference; fileEncoding = 4; lastKnownFileType = sourcecode.c.objc; path = PyGUIObject.m; sourceTree = "<group>"; };
		CEA1FE55156ACE7A001F96D5 /* PyPageController.h */ = {isa = PBXFileReference; fileEncoding = 4; lastKnownFileType = sourcecode.c.h; path = PyPageController.h; sourceTree = "<group>"; };
		CEA1FE56156ACE7A001F96D5 /* PyPageController.m */ = {isa = PBXFileReference; fileEncoding = 4; lastKnownFileType = sourcecode.c.objc; path = PyPageController.m; sourceTree = "<group>"; };
		CEA1FE57156ACE7A001F96D5 /* PyPageRepr.h */ = {isa = PBXFileReference; fileEncoding = 4; lastKnownFileType = sourcecode.c.h; path = PyPageRepr.h; sourceTree = "<group>"; };
		CEA1FE58156ACE7A001F96D5 /* PyPageRepr.m */ = {isa = PBXFileReference; fileEncoding = 4; lastKnownFileType = sourcecode.c.objc; path = PyPageRepr.m; sourceTree = "<group>"; };
		CEA1FE59156ACE7A001F96D5 /* PyPdfMasher.h */ = {isa = PBXFileReference; fileEncoding = 4; lastKnownFileType = sourcecode.c.h; path = PyPdfMasher.h; sourceTree = "<group>"; };
		CEA1FE5A156ACE7A001F96D5 /* PyPdfMasher.m */ = {isa = PBXFileReference; fileEncoding = 4; lastKnownFileType = sourcecode.c.objc; path = PyPdfMasher.m; sourceTree = "<group>"; };
		CEA1FE5B156ACE7A001F96D5 /* PyTable.h */ = {isa = PBXFileReference; fileEncoding = 4; lastKnownFileType = sourcecode.c.h; path = PyTable.h; sourceTree = "<group>"; };
		CEA1FE5C156ACE7A001F96D5 /* PyTable.m */ = {isa = PBXFileReference; fileEncoding = 4; lastKnownFileType = sourcecode.c.objc; path = PyTable.m; sourceTree = "<group>"; };
		CEA1FE70156ACED5001F96D5 /* py */ = {isa = PBXFileReference; lastKnownFileType = folder; name = py; path = ../build/py; sourceTree = "<group>"; };
		CEA1FE72156ACF03001F96D5 /* Python */ = {isa = PBXFileReference; lastKnownFileType = "compiled.mach-o.dylib"; name = Python; path = ../build/Python; sourceTree = "<group>"; };
		CEBA080513AE70C1007DD3E0 /* en */ = {isa = PBXFileReference; lastKnownFileType = file.xib; name = en; path = en.lproj/EditPane.xib; sourceTree = "<group>"; };
		CEBA080913AE70FF007DD3E0 /* en */ = {isa = PBXFileReference; lastKnownFileType = file.xib; name = en; path = en.lproj/BuildPane.xib; sourceTree = "<group>"; };
		CEBA080E13AE71BB007DD3E0 /* HSGUIController.h */ = {isa = PBXFileReference; fileEncoding = 4; lastKnownFileType = sourcecode.c.h; name = HSGUIController.h; path = ../cocoalib/controllers/HSGUIController.h; sourceTree = SOURCE_ROOT; };
		CEBA080F13AE71BB007DD3E0 /* HSGUIController.m */ = {isa = PBXFileReference; fileEncoding = 4; lastKnownFileType = sourcecode.c.objc; name = HSGUIController.m; path = ../cocoalib/controllers/HSGUIController.m; sourceTree = SOURCE_ROOT; };
		CEBA081213AE71BB007DD3E0 /* HSTable.h */ = {isa = PBXFileReference; fileEncoding = 4; lastKnownFileType = sourcecode.c.h; name = HSTable.h; path = ../cocoalib/controllers/HSTable.h; sourceTree = SOURCE_ROOT; };
		CEBA081313AE71BB007DD3E0 /* HSTable.m */ = {isa = PBXFileReference; fileEncoding = 4; lastKnownFileType = sourcecode.c.objc; name = HSTable.m; path = ../cocoalib/controllers/HSTable.m; sourceTree = SOURCE_ROOT; };
		CEBA082113AE745B007DD3E0 /* PMEditPane.h */ = {isa = PBXFileReference; fileEncoding = 4; lastKnownFileType = sourcecode.c.h; name = PMEditPane.h; path = controllers/PMEditPane.h; sourceTree = SOURCE_ROOT; };
		CEBA082213AE745B007DD3E0 /* PMEditPane.m */ = {isa = PBXFileReference; fileEncoding = 4; lastKnownFileType = sourcecode.c.objc; name = PMEditPane.m; path = controllers/PMEditPane.m; sourceTree = SOURCE_ROOT; };
		CEBA086513AE808B007DD3E0 /* PMBuildPane.h */ = {isa = PBXFileReference; fileEncoding = 4; lastKnownFileType = sourcecode.c.h; name = PMBuildPane.h; path = controllers/PMBuildPane.h; sourceTree = SOURCE_ROOT; };
		CEBA086613AE808B007DD3E0 /* PMBuildPane.m */ = {isa = PBXFileReference; fileEncoding = 4; lastKnownFileType = sourcecode.c.objc; name = PMBuildPane.m; path = controllers/PMBuildPane.m; sourceTree = SOURCE_ROOT; };
		CEBA08CA13AE87C1007DD3E0 /* HSColumns.h */ = {isa = PBXFileReference; fileEncoding = 4; lastKnownFileType = sourcecode.c.h; name = HSColumns.h; path = ../cocoalib/controllers/HSColumns.h; sourceTree = SOURCE_ROOT; };
		CEBA08CB13AE87C1007DD3E0 /* HSColumns.m */ = {isa = PBXFileReference; fileEncoding = 4; lastKnownFileType = sourcecode.c.objc; name = HSColumns.m; path = ../cocoalib/controllers/HSColumns.m; sourceTree = SOURCE_ROOT; };
		CEBA08D013AE8A37007DD3E0 /* PMElementTable.h */ = {isa = PBXFileReference; fileEncoding = 4; lastKnownFileType = sourcecode.c.h; name = PMElementTable.h; path = controllers/PMElementTable.h; sourceTree = SOURCE_ROOT; };
		CEBA08D113AE8A37007DD3E0 /* PMElementTable.m */ = {isa = PBXFileReference; fileEncoding = 4; lastKnownFileType = sourcecode.c.objc; name = PMElementTable.m; path = controllers/PMElementTable.m; sourceTree = SOURCE_ROOT; };
		CEBA095E13AEAB11007DD3E0 /* HSTableView.h */ = {isa = PBXFileReference; fileEncoding = 4; lastKnownFileType = sourcecode.c.h; name = HSTableView.h; path = ../cocoalib/views/HSTableView.h; sourceTree = SOURCE_ROOT; };
		CEBA095F13AEAB11007DD3E0 /* HSTableView.m */ = {isa = PBXFileReference; fileEncoding = 4; lastKnownFileType = sourcecode.c.objc; name = HSTableView.m; path = ../cocoalib/views/HSTableView.m; sourceTree = SOURCE_ROOT; };
		CEBA096C13AEAB48007DD3E0 /* NSEventAdditions.h */ = {isa = PBXFileReference; fileEncoding = 4; lastKnownFileType = sourcecode.c.h; name = NSEventAdditions.h; path = ../cocoalib/NSEventAdditions.h; sourceTree = SOURCE_ROOT; };
		CEBA096D13AEAB48007DD3E0 /* NSEventAdditions.m */ = {isa = PBXFileReference; fileEncoding = 4; lastKnownFileType = sourcecode.c.objc; name = NSEventAdditions.m; path = ../cocoalib/NSEventAdditions.m; sourceTree = SOURCE_ROOT; };
		CEC7F38013AE556600BA9A74 /* PMMainWindow.h */ = {isa = PBXFileReference; fileEncoding = 4; lastKnownFileType = sourcecode.c.h; name = PMMainWindow.h; path = controllers/PMMainWindow.h; sourceTree = SOURCE_ROOT; };
		CEC7F38113AE556600BA9A74 /* PMMainWindow.m */ = {isa = PBXFileReference; fileEncoding = 4; lastKnownFileType = sourcecode.c.objc; name = PMMainWindow.m; path = controllers/PMMainWindow.m; sourceTree = SOURCE_ROOT; };
		CEC7F38513AE558700BA9A74 /* en */ = {isa = PBXFileReference; lastKnownFileType = file.xib; name = en; path = en.lproj/MainMenu.xib; sourceTree = "<group>"; };
		CEC7F3A413AE55CC00BA9A74 /* Utils.h */ = {isa = PBXFileReference; fileEncoding = 4; lastKnownFileType = sourcecode.c.h; name = Utils.h; path = ../cocoalib/Utils.h; sourceTree = SOURCE_ROOT; };
		CEC7F3A513AE55CC00BA9A74 /* Utils.m */ = {isa = PBXFileReference; fileEncoding = 4; lastKnownFileType = sourcecode.c.objc; name = Utils.m; path = ../cocoalib/Utils.m; sourceTree = SOURCE_ROOT; };
		CECBE28913DF044E007F9E9D /* PMElementTableView.h */ = {isa = PBXFileReference; fileEncoding = 4; lastKnownFileType = sourcecode.c.h; name = PMElementTableView.h; path = views/PMElementTableView.h; sourceTree = "<group>"; };
		CECBE28A13DF044E007F9E9D /* PMElementTableView.m */ = {isa = PBXFileReference; fileEncoding = 4; lastKnownFileType = sourcecode.c.objc; name = PMElementTableView.m; path = views/PMElementTableView.m; sourceTree = "<group>"; };
		CEFFF29613B0B8FF00BEA8D5 /* HSAboutBox.h */ = {isa = PBXFileReference; fileEncoding = 4; lastKnownFileType = sourcecode.c.h; name = HSAboutBox.h; path = ../cocoalib/HSAboutBox.h; sourceTree = SOURCE_ROOT; };
		CEFFF29713B0B8FF00BEA8D5 /* HSAboutBox.m */ = {isa = PBXFileReference; fileEncoding = 4; lastKnownFileType = sourcecode.c.objc; name = HSAboutBox.m; path = ../cocoalib/HSAboutBox.m; sourceTree = SOURCE_ROOT; };
		CEFFF29D13B0B96200BEA8D5 /* en */ = {isa = PBXFileReference; lastKnownFileType = file.xib; name = en; path = about.xib; sourceTree = "<group>"; };
		CEFFF2A113B0B96200BEA8D5 /* en */ = {isa = PBXFileReference; lastKnownFileType = file.xib; name = en; path = ErrorReportWindow.xib; sourceTree = "<group>"; };
		CEFFF2A513B0B96200BEA8D5 /* en */ = {isa = PBXFileReference; lastKnownFileType = file.xib; name = en; path = FairwareReminder.xib; sourceTree = "<group>"; };
		CEFFF2BE13B0BA9B00BEA8D5 /* HSFairwareReminder.h */ = {isa = PBXFileReference; fileEncoding = 4; lastKnownFileType = sourcecode.c.h; name = HSFairwareReminder.h; path = ../cocoalib/HSFairwareReminder.h; sourceTree = SOURCE_ROOT; };
		CEFFF2BF13B0BA9B00BEA8D5 /* HSFairwareReminder.m */ = {isa = PBXFileReference; fileEncoding = 4; lastKnownFileType = sourcecode.c.objc; name = HSFairwareReminder.m; path = ../cocoalib/HSFairwareReminder.m; sourceTree = SOURCE_ROOT; };
		CEFFF2C413B0BAB200BEA8D5 /* Dialogs.h */ = {isa = PBXFileReference; fileEncoding = 4; lastKnownFileType = sourcecode.c.h; name = Dialogs.h; path = ../cocoalib/Dialogs.h; sourceTree = SOURCE_ROOT; };
		CEFFF2C513B0BAB200BEA8D5 /* Dialogs.m */ = {isa = PBXFileReference; fileEncoding = 4; lastKnownFileType = sourcecode.c.objc; name = Dialogs.m; path = ../cocoalib/Dialogs.m; sourceTree = SOURCE_ROOT; };
		CEFFF2E413B0BFA500BEA8D5 /* PMAppDelegate.h */ = {isa = PBXFileReference; fileEncoding = 4; lastKnownFileType = sourcecode.c.h; name = PMAppDelegate.h; path = controllers/PMAppDelegate.h; sourceTree = SOURCE_ROOT; };
		CEFFF2E513B0BFA500BEA8D5 /* PMAppDelegate.m */ = {isa = PBXFileReference; fileEncoding = 4; lastKnownFileType = sourcecode.c.objc; name = PMAppDelegate.m; path = controllers/PMAppDelegate.m; sourceTree = SOURCE_ROOT; };
		CEFFF31313B0C23700BEA8D5 /* help */ = {isa = PBXFileReference; lastKnownFileType = folder; name = help; path = ../build/help; sourceTree = SOURCE_ROOT; };
/* End PBXFileReference section */

/* Begin PBXFrameworksBuildPhase section */
		8D11072E0486CEB800E47090 /* Frameworks */ = {
			isa = PBXFrameworksBuildPhase;
			buildActionMask = 2147483647;
			files = (
				8D11072F0486CEB800E47090 /* Cocoa.framework in Frameworks */,
				CE8C6D7C13C4924700D869ED /* Sparkle.framework in Frameworks */,
				CEA1FE73156ACF03001F96D5 /* Python in Frameworks */,
			);
			runOnlyForDeploymentPostprocessing = 0;
		};
/* End PBXFrameworksBuildPhase section */

/* Begin PBXGroup section */
		080E96DDFE201D6D7F000001 /* controllers */ = {
			isa = PBXGroup;
			children = (
				CE3B475713EAF0C900D95FB6 /* PMPageController.h */,
				CE3B475813EAF0C900D95FB6 /* PMPageController.m */,
				CE3B475913EAF0C900D95FB6 /* PMConst.h */,
				CEFFF2E413B0BFA500BEA8D5 /* PMAppDelegate.h */,
				CEFFF2E513B0BFA500BEA8D5 /* PMAppDelegate.m */,
				CEC7F38013AE556600BA9A74 /* PMMainWindow.h */,
				CEC7F38113AE556600BA9A74 /* PMMainWindow.m */,
				CEBA08D013AE8A37007DD3E0 /* PMElementTable.h */,
				CEBA08D113AE8A37007DD3E0 /* PMElementTable.m */,
				CEBA082113AE745B007DD3E0 /* PMEditPane.h */,
				CEBA082213AE745B007DD3E0 /* PMEditPane.m */,
				CEBA086513AE808B007DD3E0 /* PMBuildPane.h */,
				CEBA086613AE808B007DD3E0 /* PMBuildPane.m */,
			);
			name = controllers;
			sourceTree = "<group>";
		};
		1058C7A0FEA54F0111CA2CBB /* Linked Frameworks */ = {
			isa = PBXGroup;
			children = (
				CEA1FE72156ACF03001F96D5 /* Python */,
				CE8C6D7B13C4924700D869ED /* Sparkle.framework */,
				1058C7A1FEA54F0111CA2CBB /* Cocoa.framework */,
			);
			name = "Linked Frameworks";
			sourceTree = "<group>";
		};
		1058C7A2FEA54F0111CA2CBB /* Other Frameworks */ = {
			isa = PBXGroup;
			children = (
				29B97324FDCFA39411CA2CEA /* AppKit.framework */,
				13E42FB307B3F0F600E4EEF1 /* CoreData.framework */,
				29B97325FDCFA39411CA2CEA /* Foundation.framework */,
			);
			name = "Other Frameworks";
			sourceTree = "<group>";
		};
		19C28FACFE9D520D11CA2CBB /* Products */ = {
			isa = PBXGroup;
			children = (
				8D1107320486CEB800E47090 /* PdfMasher.app */,
			);
			name = Products;
			sourceTree = "<group>";
		};
		29B97314FDCFA39411CA2CEA /* PdfMasher */ = {
			isa = PBXGroup;
			children = (
				29B97316FDCFA39411CA2CEA /* main.m */,
				CEA1FE44156ACE7A001F96D5 /* autogen */,
				080E96DDFE201D6D7F000001 /* controllers */,
				CECBE28713DF0433007F9E9D /* views */,
				CEC7F39F13AE55B400BA9A74 /* cocoalib */,
				29B97317FDCFA39411CA2CEA /* Resources */,
				29B97323FDCFA39411CA2CEA /* Frameworks */,
				19C28FACFE9D520D11CA2CBB /* Products */,
			);
			name = PdfMasher;
			sourceTree = "<group>";
		};
		29B97317FDCFA39411CA2CEA /* Resources */ = {
			isa = PBXGroup;
			children = (
				CEC7F38313AE557C00BA9A74 /* xib */,
				8D1107310486CEB800E47090 /* Info.plist */,
				CEA0155D13AF816900C6D985 /* main_icon.icns */,
				CE8C6D8B13C4938400D869ED /* dsa_pub.pem */,
				CE8A6491156BC021008E8DD3 /* pyplugin.py */,
				CEA1FE70156ACED5001F96D5 /* py */,
				CEFFF31313B0C23700BEA8D5 /* help */,
			);
			name = Resources;
			sourceTree = "<group>";
		};
		29B97323FDCFA39411CA2CEA /* Frameworks */ = {
			isa = PBXGroup;
			children = (
				1058C7A0FEA54F0111CA2CBB /* Linked Frameworks */,
				1058C7A2FEA54F0111CA2CBB /* Other Frameworks */,
			);
			name = Frameworks;
			sourceTree = "<group>";
		};
		CEA1FE44156ACE7A001F96D5 /* autogen */ = {
			isa = PBXGroup;
			children = (
				CEA1FE45156ACE7A001F96D5 /* ObjP.h */,
				CEA1FE46156ACE7A001F96D5 /* ObjP.m */,
				CEA1FE47156ACE7A001F96D5 /* PyBuildPane.h */,
				CEA1FE48156ACE7A001F96D5 /* PyBuildPane.m */,
				CEA1FE49156ACE7A001F96D5 /* PyColumns.h */,
				CEA1FE4A156ACE7A001F96D5 /* PyColumns.m */,
				CEA1FE4B156ACE7A001F96D5 /* PyEditPane.h */,
				CEA1FE4C156ACE7A001F96D5 /* PyEditPane.m */,
				CEA1FE4D156ACE7A001F96D5 /* PyElementTable.h */,
				CEA1FE4E156ACE7A001F96D5 /* PyElementTable.m */,
				CEA1FE4F156ACE7A001F96D5 /* PyFairware.h */,
				CEA1FE50156ACE7A001F96D5 /* PyFairware.m */,
				CEA1FE51156ACE7A001F96D5 /* PyGUIObject.h */,
				CEA1FE52156ACE7A001F96D5 /* PyGUIObject.m */,
				CEA1FE55156ACE7A001F96D5 /* PyPageController.h */,
				CEA1FE56156ACE7A001F96D5 /* PyPageController.m */,
				CEA1FE57156ACE7A001F96D5 /* PyPageRepr.h */,
				CEA1FE58156ACE7A001F96D5 /* PyPageRepr.m */,
				CEA1FE59156ACE7A001F96D5 /* PyPdfMasher.h */,
				CEA1FE5A156ACE7A001F96D5 /* PyPdfMasher.m */,
				CEA1FE5B156ACE7A001F96D5 /* PyTable.h */,
				CEA1FE5C156ACE7A001F96D5 /* PyTable.m */,
				CE8A6498156BC97A008E8DD3 /* PyTextField.h */,
				CE8A6499156BC97A008E8DD3 /* PyTextField.m */,
			);
			path = autogen;
			sourceTree = "<group>";
		};
		CEBA080D13AE71BB007DD3E0 /* controllers */ = {
			isa = PBXGroup;
			children = (
				CEBA08CA13AE87C1007DD3E0 /* HSColumns.h */,
				CEBA08CB13AE87C1007DD3E0 /* HSColumns.m */,
				CEBA080E13AE71BB007DD3E0 /* HSGUIController.h */,
				CEBA080F13AE71BB007DD3E0 /* HSGUIController.m */,
				CEBA081213AE71BB007DD3E0 /* HSTable.h */,
				CEBA081313AE71BB007DD3E0 /* HSTable.m */,
				CE8A649B156BCA23008E8DD3 /* HSTextField.h */,
				CE8A649C156BCA23008E8DD3 /* HSTextField.m */,
			);
			name = controllers;
			path = ../cocoalib/controllers;
			sourceTree = SOURCE_ROOT;
		};
		CEBA095B13AEAB11007DD3E0 /* views */ = {
			isa = PBXGroup;
			children = (
				CEBA095E13AEAB11007DD3E0 /* HSTableView.h */,
				CEBA095F13AEAB11007DD3E0 /* HSTableView.m */,
			);
			name = views;
			path = ../cocoalib/views;
			sourceTree = SOURCE_ROOT;
		};
		CEC7F38313AE557C00BA9A74 /* xib */ = {
			isa = PBXGroup;
			children = (
				CEC7F38413AE558700BA9A74 /* MainMenu.xib */,
				CEBA080413AE70C1007DD3E0 /* EditPane.xib */,
				CEBA080813AE70FF007DD3E0 /* BuildPane.xib */,
				CE3B475313EAF09B00D95FB6 /* PagePane.xib */,
			);
			name = xib;
			sourceTree = "<group>";
		};
		CEC7F39F13AE55B400BA9A74 /* cocoalib */ = {
			isa = PBXGroup;
			children = (
				CE3B475C13EB14BC00D95FB6 /* HSGeometry.h */,
				CE3B475D13EB14BC00D95FB6 /* HSGeometry.m */,
				CEBA080D13AE71BB007DD3E0 /* controllers */,
				CEBA095B13AEAB11007DD3E0 /* views */,
				CEFFF29913B0B96200BEA8D5 /* xib */,
				CEFFF2C413B0BAB200BEA8D5 /* Dialogs.h */,
				CEFFF2C513B0BAB200BEA8D5 /* Dialogs.m */,
				CEFFF29613B0B8FF00BEA8D5 /* HSAboutBox.h */,
				CEFFF29713B0B8FF00BEA8D5 /* HSAboutBox.m */,
				CE8A64A1156BD3FA008E8DD3 /* HSFairwareProtocol.h */,
				CEFFF2BE13B0BA9B00BEA8D5 /* HSFairwareReminder.h */,
				CEFFF2BF13B0BA9B00BEA8D5 /* HSFairwareReminder.m */,
				CEBA096C13AEAB48007DD3E0 /* NSEventAdditions.h */,
				CEBA096D13AEAB48007DD3E0 /* NSEventAdditions.m */,
				CEC7F3A413AE55CC00BA9A74 /* Utils.h */,
				CEC7F3A513AE55CC00BA9A74 /* Utils.m */,
				CE8A649E156BD261008E8DD3 /* HSPyUtil.h */,
				CE8A649F156BD261008E8DD3 /* HSPyUtil.m */,
				CE68745913C87B2500992AE4 /* ProgressController.h */,
				CE68745A13C87B2500992AE4 /* ProgressController.m */,
			);
			name = cocoalib;
			sourceTree = "<group>";
		};
		CECBE28713DF0433007F9E9D /* views */ = {
			isa = PBXGroup;
			children = (
				CE249D8D13E731EF0018C7F6 /* PMPageRepr.h */,
				CE249D8E13E731EF0018C7F6 /* PMPageRepr.m */,
				CECBE28913DF044E007F9E9D /* PMElementTableView.h */,
				CECBE28A13DF044E007F9E9D /* PMElementTableView.m */,
			);
			name = views;
			sourceTree = "<group>";
		};
		CEFFF29913B0B96200BEA8D5 /* xib */ = {
			isa = PBXGroup;
			children = (
				CE68745C13C87B3600992AE4 /* progress.xib */,
				CEFFF29C13B0B96200BEA8D5 /* about.xib */,
				CEFFF2A013B0B96200BEA8D5 /* ErrorReportWindow.xib */,
				CEFFF2A413B0B96200BEA8D5 /* FairwareReminder.xib */,
			);
			name = xib;
			path = ../cocoalib/en.lproj;
			sourceTree = SOURCE_ROOT;
		};
/* End PBXGroup section */

/* Begin PBXNativeTarget section */
		8D1107260486CEB800E47090 /* PdfMasher */ = {
			isa = PBXNativeTarget;
			buildConfigurationList = C01FCF4A08A954540054247B /* Build configuration list for PBXNativeTarget "PdfMasher" */;
			buildPhases = (
				8D1107290486CEB800E47090 /* Resources */,
				8D11072C0486CEB800E47090 /* Sources */,
				8D11072E0486CEB800E47090 /* Frameworks */,
				CE8C6D8813C4926E00D869ED /* CopyFiles */,
			);
			buildRules = (
			);
			dependencies = (
			);
			name = PdfMasher;
			productInstallPath = "$(HOME)/Applications";
			productName = PdfMasher;
			productReference = 8D1107320486CEB800E47090 /* PdfMasher.app */;
			productType = "com.apple.product-type.application";
		};
/* End PBXNativeTarget section */

/* Begin PBXProject section */
		29B97313FDCFA39411CA2CEA /* Project object */ = {
			isa = PBXProject;
			attributes = {
				LastUpgradeCheck = 0410;
			};
			buildConfigurationList = C01FCF4E08A954540054247B /* Build configuration list for PBXProject "pdfmasher" */;
			compatibilityVersion = "Xcode 3.2";
			developmentRegion = English;
			hasScannedForEncodings = 1;
			knownRegions = (
				English,
				Japanese,
				French,
				German,
				en,
			);
			mainGroup = 29B97314FDCFA39411CA2CEA /* PdfMasher */;
			projectDirPath = "";
			projectRoot = "";
			targets = (
				8D1107260486CEB800E47090 /* PdfMasher */,
			);
		};
/* End PBXProject section */

/* Begin PBXResourcesBuildPhase section */
		8D1107290486CEB800E47090 /* Resources */ = {
			isa = PBXResourcesBuildPhase;
			buildActionMask = 2147483647;
			files = (
				CEC7F38613AE558700BA9A74 /* MainMenu.xib in Resources */,
				CEBA080613AE70C1007DD3E0 /* EditPane.xib in Resources */,
				CEBA080A13AE70FF007DD3E0 /* BuildPane.xib in Resources */,
				CEA0155E13AF816900C6D985 /* main_icon.icns in Resources */,
				CEFFF2A713B0B96200BEA8D5 /* about.xib in Resources */,
				CEFFF2A913B0B96200BEA8D5 /* ErrorReportWindow.xib in Resources */,
				CEFFF2AB13B0B96200BEA8D5 /* FairwareReminder.xib in Resources */,
				CEFFF33D13B0C23700BEA8D5 /* help in Resources */,
				CE8C6D8C13C4938400D869ED /* dsa_pub.pem in Resources */,
				CE68745D13C87B3600992AE4 /* progress.xib in Resources */,
				CE3B475513EAF09B00D95FB6 /* PagePane.xib in Resources */,
				CEA1FE71156ACED5001F96D5 /* py in Resources */,
				CE8A6492156BC021008E8DD3 /* pyplugin.py in Resources */,
			);
			runOnlyForDeploymentPostprocessing = 0;
		};
/* End PBXResourcesBuildPhase section */

/* Begin PBXSourcesBuildPhase section */
		8D11072C0486CEB800E47090 /* Sources */ = {
			isa = PBXSourcesBuildPhase;
			buildActionMask = 2147483647;
			files = (
				8D11072D0486CEB800E47090 /* main.m in Sources */,
				CEC7F38213AE556600BA9A74 /* PMMainWindow.m in Sources */,
				CEC7F3A613AE55CC00BA9A74 /* Utils.m in Sources */,
				CEBA081613AE71BB007DD3E0 /* HSGUIController.m in Sources */,
				CEBA081813AE71BB007DD3E0 /* HSTable.m in Sources */,
				CEBA082313AE745B007DD3E0 /* PMEditPane.m in Sources */,
				CEBA086713AE808B007DD3E0 /* PMBuildPane.m in Sources */,
				CEBA08CC13AE87C1007DD3E0 /* HSColumns.m in Sources */,
				CEBA08D213AE8A37007DD3E0 /* PMElementTable.m in Sources */,
				CEBA096513AEAB11007DD3E0 /* HSTableView.m in Sources */,
				CEBA096E13AEAB48007DD3E0 /* NSEventAdditions.m in Sources */,
				CEFFF29813B0B8FF00BEA8D5 /* HSAboutBox.m in Sources */,
				CEFFF2C013B0BA9B00BEA8D5 /* HSFairwareReminder.m in Sources */,
				CEFFF2C613B0BAB200BEA8D5 /* Dialogs.m in Sources */,
				CEFFF2E613B0BFA500BEA8D5 /* PMAppDelegate.m in Sources */,
				CE68745B13C87B2500992AE4 /* ProgressController.m in Sources */,
				CECBE28B13DF044E007F9E9D /* PMElementTableView.m in Sources */,
				CE249D8F13E731EF0018C7F6 /* PMPageRepr.m in Sources */,
				CE3B475A13EAF0C900D95FB6 /* PMPageController.m in Sources */,
				CE3B475E13EB14BC00D95FB6 /* HSGeometry.m in Sources */,
				CEA1FE5D156ACE7A001F96D5 /* ObjP.m in Sources */,
				CEA1FE5E156ACE7A001F96D5 /* PyBuildPane.m in Sources */,
				CEA1FE5F156ACE7A001F96D5 /* PyColumns.m in Sources */,
				CEA1FE60156ACE7A001F96D5 /* PyEditPane.m in Sources */,
				CEA1FE61156ACE7A001F96D5 /* PyElementTable.m in Sources */,
				CEA1FE62156ACE7A001F96D5 /* PyFairware.m in Sources */,
				CEA1FE63156ACE7A001F96D5 /* PyGUIObject.m in Sources */,
				CEA1FE65156ACE7A001F96D5 /* PyPageController.m in Sources */,
				CEA1FE66156ACE7A001F96D5 /* PyPageRepr.m in Sources */,
				CEA1FE67156ACE7A001F96D5 /* PyPdfMasher.m in Sources */,
				CEA1FE68156ACE7A001F96D5 /* PyTable.m in Sources */,
				CE8A649A156BC97A008E8DD3 /* PyTextField.m in Sources */,
				CE8A649D156BCA23008E8DD3 /* HSTextField.m in Sources */,
				CE8A64A0156BD261008E8DD3 /* HSPyUtil.m in Sources */,
			);
			runOnlyForDeploymentPostprocessing = 0;
		};
/* End PBXSourcesBuildPhase section */

/* Begin PBXVariantGroup section */
		CE3B475313EAF09B00D95FB6 /* PagePane.xib */ = {
			isa = PBXVariantGroup;
			children = (
				CE3B475413EAF09B00D95FB6 /* en */,
			);
			name = PagePane.xib;
			sourceTree = "<group>";
		};
		CEBA080413AE70C1007DD3E0 /* EditPane.xib */ = {
			isa = PBXVariantGroup;
			children = (
				CEBA080513AE70C1007DD3E0 /* en */,
			);
			name = EditPane.xib;
			sourceTree = "<group>";
		};
		CEBA080813AE70FF007DD3E0 /* BuildPane.xib */ = {
			isa = PBXVariantGroup;
			children = (
				CEBA080913AE70FF007DD3E0 /* en */,
			);
			name = BuildPane.xib;
			sourceTree = "<group>";
		};
		CEC7F38413AE558700BA9A74 /* MainMenu.xib */ = {
			isa = PBXVariantGroup;
			children = (
				CEC7F38513AE558700BA9A74 /* en */,
			);
			name = MainMenu.xib;
			sourceTree = SOURCE_ROOT;
		};
		CEFFF29C13B0B96200BEA8D5 /* about.xib */ = {
			isa = PBXVariantGroup;
			children = (
				CEFFF29D13B0B96200BEA8D5 /* en */,
			);
			name = about.xib;
			path = ../cocoalib/en.lproj;
			sourceTree = SOURCE_ROOT;
		};
		CEFFF2A013B0B96200BEA8D5 /* ErrorReportWindow.xib */ = {
			isa = PBXVariantGroup;
			children = (
				CEFFF2A113B0B96200BEA8D5 /* en */,
			);
			name = ErrorReportWindow.xib;
			path = ../cocoalib/en.lproj;
			sourceTree = SOURCE_ROOT;
		};
		CEFFF2A413B0B96200BEA8D5 /* FairwareReminder.xib */ = {
			isa = PBXVariantGroup;
			children = (
				CEFFF2A513B0B96200BEA8D5 /* en */,
			);
			name = FairwareReminder.xib;
			path = ../cocoalib/en.lproj;
			sourceTree = SOURCE_ROOT;
		};
/* End PBXVariantGroup section */

/* Begin XCBuildConfiguration section */
		C01FCF4C08A954540054247B /* release */ = {
			isa = XCBuildConfiguration;
			buildSettings = {
				INFOPLIST_FILE = Info.plist;
				LIBRARY_SEARCH_PATHS = (
					"$(inherited)",
					"\"$(SRCROOT)/../build\"",
				);
				PRODUCT_NAME = PdfMasher;
			};
			name = release;
		};
		C01FCF5008A954540054247B /* release */ = {
			isa = XCBuildConfiguration;
			buildSettings = {
				ARCHS = "$(ARCHS_STANDARD_32_64_BIT)";
				DEPLOYMENT_LOCATION = YES;
				DEPLOYMENT_POSTPROCESSING = YES;
				DSTROOT = /;
				GCC_C_LANGUAGE_STANDARD = c99;
				HEADER_SEARCH_PATHS = "\"$(SRCROOT)/../build/PythonHeaders\"";
				INSTALL_PATH = "$(PROJECT_DIR)";
				LD_RUNPATH_SEARCH_PATHS = "@executable_path/../Frameworks";
				MACOSX_DEPLOYMENT_TARGET = 10.6;
				SDKROOT = macosx10.6;
			};
			name = release;
		};
		CEBA095313AEAA6C007DD3E0 /* dev */ = {
			isa = XCBuildConfiguration;
			buildSettings = {
				DEPLOYMENT_LOCATION = YES;
				DEPLOYMENT_POSTPROCESSING = YES;
				DSTROOT = /;
				GCC_C_LANGUAGE_STANDARD = c99;
				HEADER_SEARCH_PATHS = "\"$(SRCROOT)/../build/PythonHeaders\"";
				INSTALL_PATH = "$(PROJECT_DIR)";
				LD_RUNPATH_SEARCH_PATHS = "@executable_path/../Frameworks";
				MACOSX_DEPLOYMENT_TARGET = 10.6;
				SDKROOT = macosx10.6;
			};
			name = dev;
		};
		CEBA095413AEAA6C007DD3E0 /* dev */ = {
			isa = XCBuildConfiguration;
			buildSettings = {
				INFOPLIST_FILE = Info.plist;
				LIBRARY_SEARCH_PATHS = (
					"$(inherited)",
					"\"$(SRCROOT)/../build\"",
				);
				PRODUCT_NAME = PdfMasher;
			};
			name = dev;
		};
/* End XCBuildConfiguration section */

/* Begin XCConfigurationList section */
		C01FCF4A08A954540054247B /* Build configuration list for PBXNativeTarget "PdfMasher" */ = {
			isa = XCConfigurationList;
			buildConfigurations = (
				C01FCF4C08A954540054247B /* release */,
				CEBA095413AEAA6C007DD3E0 /* dev */,
			);
			defaultConfigurationIsVisible = 0;
			defaultConfigurationName = release;
		};
		C01FCF4E08A954540054247B /* Build configuration list for PBXProject "pdfmasher" */ = {
			isa = XCConfigurationList;
			buildConfigurations = (
				C01FCF5008A954540054247B /* release */,
				CEBA095313AEAA6C007DD3E0 /* dev */,
			);
			defaultConfigurationIsVisible = 0;
			defaultConfigurationName = release;
		};
/* End XCConfigurationList section */
	};
	rootObject = 29B97313FDCFA39411CA2CEA /* Project object */;
}
